// !$*UTF8*$!
{
	archiveVersion = 1;
	classes = {
	};
	objectVersion = 56;
	objects = {

/* Begin PBXBuildFile section */
		F481B7C029BD115C0082EE80 /* SwapView.swift in Sources */ = {isa = PBXBuildFile; fileRef = F481B7BF29BD115C0082EE80 /* SwapView.swift */; };
		F481B7C529BD12FC0082EE80 /* Color.swift in Sources */ = {isa = PBXBuildFile; fileRef = F481B7C429BD12FC0082EE80 /* Color.swift */; };
		F481B7C829BD132E0082EE80 /* SwapViewModel.swift in Sources */ = {isa = PBXBuildFile; fileRef = F481B7C729BD132E0082EE80 /* SwapViewModel.swift */; };
		F481B7CA29BD134C0082EE80 /* BaseViewModel.swift in Sources */ = {isa = PBXBuildFile; fileRef = F481B7C929BD134C0082EE80 /* BaseViewModel.swift */; };
		F481B7CD29BD13BC0082EE80 /* TokenModel.swift in Sources */ = {isa = PBXBuildFile; fileRef = F481B7CC29BD13BC0082EE80 /* TokenModel.swift */; };
		F481B7D029BD14660082EE80 /* LoadingIndicator.swift in Sources */ = {isa = PBXBuildFile; fileRef = F481B7CF29BD14660082EE80 /* LoadingIndicator.swift */; };
		F481B7D629BD14FF0082EE80 /* Localizable.strings in Resources */ = {isa = PBXBuildFile; fileRef = F481B7D829BD14FF0082EE80 /* Localizable.strings */; };
		F481B7DA29BD156C0082EE80 /* View.swift in Sources */ = {isa = PBXBuildFile; fileRef = F481B7D929BD156C0082EE80 /* View.swift */; };
		F481B7DC29BD15910082EE80 /* LocalizedAlertError.swift in Sources */ = {isa = PBXBuildFile; fileRef = F481B7DB29BD15910082EE80 /* LocalizedAlertError.swift */; };
		F481B7DE29BD17D30082EE80 /* HapticManager.swift in Sources */ = {isa = PBXBuildFile; fileRef = F481B7DD29BD17D30082EE80 /* HapticManager.swift */; };
		F481B7E129BD18F20082EE80 /* TitleTextView.swift in Sources */ = {isa = PBXBuildFile; fileRef = F481B7E029BD18F20082EE80 /* TitleTextView.swift */; };
		F481B7E329BD21BD0082EE80 /* SwapPanelView.swift in Sources */ = {isa = PBXBuildFile; fileRef = F481B7E229BD21BD0082EE80 /* SwapPanelView.swift */; };
		F481B7E529BD255A0082EE80 /* CustomTextView.swift in Sources */ = {isa = PBXBuildFile; fileRef = F481B7E429BD255A0082EE80 /* CustomTextView.swift */; };
		F481B7E729BD25D80082EE80 /* PreviewProvider.swift in Sources */ = {isa = PBXBuildFile; fileRef = F481B7E629BD25D80082EE80 /* PreviewProvider.swift */; };
		F481B7E929BD28AD0082EE80 /* TokenSelectButtonView.swift in Sources */ = {isa = PBXBuildFile; fileRef = F481B7E829BD28AD0082EE80 /* TokenSelectButtonView.swift */; };
		F481B7EE29BD2D510082EE80 /* RoundedButtonView.swift in Sources */ = {isa = PBXBuildFile; fileRef = F481B7ED29BD2D510082EE80 /* RoundedButtonView.swift */; };
		F481B7F029BDE50F0082EE80 /* SwapDetailRowView.swift in Sources */ = {isa = PBXBuildFile; fileRef = F481B7EF29BDE50F0082EE80 /* SwapDetailRowView.swift */; };
		F481B7F229BDE6780082EE80 /* SwapDetail.swift in Sources */ = {isa = PBXBuildFile; fileRef = F481B7F129BDE6780082EE80 /* SwapDetail.swift */; };
		F481B7F429BDE8520082EE80 /* String.swift in Sources */ = {isa = PBXBuildFile; fileRef = F481B7F329BDE8520082EE80 /* String.swift */; };
		F481B7FB29BE0DAB0082EE80 /* FileFetchingServiceProtocol.swift in Sources */ = {isa = PBXBuildFile; fileRef = F481B7FA29BE0DAB0082EE80 /* FileFetchingServiceProtocol.swift */; };
		F481B7FD29BE0DB90082EE80 /* ImageFetchingService.swift in Sources */ = {isa = PBXBuildFile; fileRef = F481B7FC29BE0DB90082EE80 /* ImageFetchingService.swift */; };
		F481B7FF29BE0E210082EE80 /* TokenImageView.swift in Sources */ = {isa = PBXBuildFile; fileRef = F481B7FE29BE0E210082EE80 /* TokenImageView.swift */; };
		F481B80229BE0E750082EE80 /* TokenImageViewModel.swift in Sources */ = {isa = PBXBuildFile; fileRef = F481B80129BE0E750082EE80 /* TokenImageViewModel.swift */; };
		F481B80829BE5CBB0082EE80 /* TokenSelectView.swift in Sources */ = {isa = PBXBuildFile; fileRef = F481B80729BE5CBB0082EE80 /* TokenSelectView.swift */; };
		F481B80A29BE5E2A0082EE80 /* TokenRowView.swift in Sources */ = {isa = PBXBuildFile; fileRef = F481B80929BE5E2A0082EE80 /* TokenRowView.swift */; };
		F4A8E35829B12DCB003F511D /* DApp_SwapApp.swift in Sources */ = {isa = PBXBuildFile; fileRef = F4A8E35729B12DCB003F511D /* DApp_SwapApp.swift */; };
		F4A8E35A29B12DCB003F511D /* ContentView.swift in Sources */ = {isa = PBXBuildFile; fileRef = F4A8E35929B12DCB003F511D /* ContentView.swift */; };
		F4A8E35C29B12DCC003F511D /* Assets.xcassets in Resources */ = {isa = PBXBuildFile; fileRef = F4A8E35B29B12DCC003F511D /* Assets.xcassets */; };
		F4A8E35F29B12DCC003F511D /* Preview Assets.xcassets in Resources */ = {isa = PBXBuildFile; fileRef = F4A8E35E29B12DCC003F511D /* Preview Assets.xcassets */; };
/* End PBXBuildFile section */

/* Begin PBXFileReference section */
		F481B7BF29BD115C0082EE80 /* SwapView.swift */ = {isa = PBXFileReference; lastKnownFileType = sourcecode.swift; path = SwapView.swift; sourceTree = "<group>"; };
		F481B7C429BD12FC0082EE80 /* Color.swift */ = {isa = PBXFileReference; lastKnownFileType = sourcecode.swift; path = Color.swift; sourceTree = "<group>"; };
		F481B7C729BD132E0082EE80 /* SwapViewModel.swift */ = {isa = PBXFileReference; lastKnownFileType = sourcecode.swift; path = SwapViewModel.swift; sourceTree = "<group>"; };
		F481B7C929BD134C0082EE80 /* BaseViewModel.swift */ = {isa = PBXFileReference; lastKnownFileType = sourcecode.swift; path = BaseViewModel.swift; sourceTree = "<group>"; };
		F481B7CC29BD13BC0082EE80 /* TokenModel.swift */ = {isa = PBXFileReference; lastKnownFileType = sourcecode.swift; name = TokenModel.swift; path = ../../../../Desktop/TokenModel.swift; sourceTree = "<group>"; };
		F481B7CF29BD14660082EE80 /* LoadingIndicator.swift */ = {isa = PBXFileReference; lastKnownFileType = sourcecode.swift; path = LoadingIndicator.swift; sourceTree = "<group>"; };
		F481B7D729BD14FF0082EE80 /* en */ = {isa = PBXFileReference; lastKnownFileType = text.plist.strings; name = en; path = en.lproj/Localizable.strings; sourceTree = "<group>"; };
		F481B7D929BD156C0082EE80 /* View.swift */ = {isa = PBXFileReference; lastKnownFileType = sourcecode.swift; path = View.swift; sourceTree = "<group>"; };
		F481B7DB29BD15910082EE80 /* LocalizedAlertError.swift */ = {isa = PBXFileReference; lastKnownFileType = sourcecode.swift; path = LocalizedAlertError.swift; sourceTree = "<group>"; };
		F481B7DD29BD17D30082EE80 /* HapticManager.swift */ = {isa = PBXFileReference; lastKnownFileType = sourcecode.swift; path = HapticManager.swift; sourceTree = "<group>"; };
		F481B7E029BD18F20082EE80 /* TitleTextView.swift */ = {isa = PBXFileReference; lastKnownFileType = sourcecode.swift; path = TitleTextView.swift; sourceTree = "<group>"; };
		F481B7E229BD21BD0082EE80 /* SwapPanelView.swift */ = {isa = PBXFileReference; lastKnownFileType = sourcecode.swift; path = SwapPanelView.swift; sourceTree = "<group>"; };
		F481B7E429BD255A0082EE80 /* CustomTextView.swift */ = {isa = PBXFileReference; lastKnownFileType = sourcecode.swift; path = CustomTextView.swift; sourceTree = "<group>"; };
		F481B7E629BD25D80082EE80 /* PreviewProvider.swift */ = {isa = PBXFileReference; lastKnownFileType = sourcecode.swift; path = PreviewProvider.swift; sourceTree = "<group>"; };
		F481B7E829BD28AD0082EE80 /* TokenSelectButtonView.swift */ = {isa = PBXFileReference; lastKnownFileType = sourcecode.swift; path = TokenSelectButtonView.swift; sourceTree = "<group>"; };
		F481B7ED29BD2D510082EE80 /* RoundedButtonView.swift */ = {isa = PBXFileReference; lastKnownFileType = sourcecode.swift; path = RoundedButtonView.swift; sourceTree = "<group>"; };
		F481B7EF29BDE50F0082EE80 /* SwapDetailRowView.swift */ = {isa = PBXFileReference; lastKnownFileType = sourcecode.swift; path = SwapDetailRowView.swift; sourceTree = "<group>"; };
		F481B7F129BDE6780082EE80 /* SwapDetail.swift */ = {isa = PBXFileReference; lastKnownFileType = sourcecode.swift; path = SwapDetail.swift; sourceTree = "<group>"; };
		F481B7F329BDE8520082EE80 /* String.swift */ = {isa = PBXFileReference; lastKnownFileType = sourcecode.swift; path = String.swift; sourceTree = "<group>"; };
		F481B7FA29BE0DAB0082EE80 /* FileFetchingServiceProtocol.swift */ = {isa = PBXFileReference; lastKnownFileType = sourcecode.swift; path = FileFetchingServiceProtocol.swift; sourceTree = "<group>"; };
		F481B7FC29BE0DB90082EE80 /* ImageFetchingService.swift */ = {isa = PBXFileReference; lastKnownFileType = sourcecode.swift; path = ImageFetchingService.swift; sourceTree = "<group>"; };
		F481B7FE29BE0E210082EE80 /* TokenImageView.swift */ = {isa = PBXFileReference; lastKnownFileType = sourcecode.swift; path = TokenImageView.swift; sourceTree = "<group>"; };
		F481B80129BE0E750082EE80 /* TokenImageViewModel.swift */ = {isa = PBXFileReference; lastKnownFileType = sourcecode.swift; path = TokenImageViewModel.swift; sourceTree = "<group>"; };
		F481B80729BE5CBB0082EE80 /* TokenSelectView.swift */ = {isa = PBXFileReference; lastKnownFileType = sourcecode.swift; path = TokenSelectView.swift; sourceTree = "<group>"; };
		F481B80929BE5E2A0082EE80 /* TokenRowView.swift */ = {isa = PBXFileReference; lastKnownFileType = sourcecode.swift; path = TokenRowView.swift; sourceTree = "<group>"; };
		F4A8E35429B12DCB003F511D /* DApp-Swap.app */ = {isa = PBXFileReference; explicitFileType = wrapper.application; includeInIndex = 0; path = "DApp-Swap.app"; sourceTree = BUILT_PRODUCTS_DIR; };
		F4A8E35729B12DCB003F511D /* DApp_SwapApp.swift */ = {isa = PBXFileReference; lastKnownFileType = sourcecode.swift; path = DApp_SwapApp.swift; sourceTree = "<group>"; };
		F4A8E35929B12DCB003F511D /* ContentView.swift */ = {isa = PBXFileReference; lastKnownFileType = sourcecode.swift; path = ContentView.swift; sourceTree = "<group>"; };
		F4A8E35B29B12DCC003F511D /* Assets.xcassets */ = {isa = PBXFileReference; lastKnownFileType = folder.assetcatalog; path = Assets.xcassets; sourceTree = "<group>"; };
		F4A8E35E29B12DCC003F511D /* Preview Assets.xcassets */ = {isa = PBXFileReference; lastKnownFileType = folder.assetcatalog; path = "Preview Assets.xcassets"; sourceTree = "<group>"; };
/* End PBXFileReference section */

/* Begin PBXFrameworksBuildPhase section */
		F4A8E35129B12DCB003F511D /* Frameworks */ = {
			isa = PBXFrameworksBuildPhase;
			buildActionMask = 2147483647;
			files = (
			);
			runOnlyForDeploymentPostprocessing = 0;
		};
/* End PBXFrameworksBuildPhase section */

/* Begin PBXGroup section */
		F481B7BC29BD112D0082EE80 /* Core */ = {
			isa = PBXGroup;
			children = (
				F481B7CE29BD14530082EE80 /* Components */,
				F481B7C129BD11660082EE80 /* Swap */,
				F481B7C929BD134C0082EE80 /* BaseViewModel.swift */,
			);
			path = Core;
			sourceTree = "<group>";
		};
		F481B7BE29BD113F0082EE80 /* Views */ = {
			isa = PBXGroup;
			children = (
				F481B7BF29BD115C0082EE80 /* SwapView.swift */,
				F481B7E229BD21BD0082EE80 /* SwapPanelView.swift */,
				F481B7E829BD28AD0082EE80 /* TokenSelectButtonView.swift */,
				F481B7EF29BDE50F0082EE80 /* SwapDetailRowView.swift */,
			);
			path = Views;
			sourceTree = "<group>";
		};
		F481B7C129BD11660082EE80 /* Swap */ = {
			isa = PBXGroup;
			children = (
				F481B7C629BD131F0082EE80 /* ViewModels */,
				F481B7BE29BD113F0082EE80 /* Views */,
			);
			path = Swap;
			sourceTree = "<group>";
		};
		F481B7C229BD12E40082EE80 /* Helpers */ = {
			isa = PBXGroup;
			children = (
				F481B7C329BD12F00082EE80 /* Extensions */,
				F481B7DB29BD15910082EE80 /* LocalizedAlertError.swift */,
			);
			path = Helpers;
			sourceTree = "<group>";
		};
		F481B7C329BD12F00082EE80 /* Extensions */ = {
			isa = PBXGroup;
			children = (
				F481B7C429BD12FC0082EE80 /* Color.swift */,
				F481B7D929BD156C0082EE80 /* View.swift */,
				F481B7E629BD25D80082EE80 /* PreviewProvider.swift */,
				F481B7F329BDE8520082EE80 /* String.swift */,
			);
			path = Extensions;
			sourceTree = "<group>";
		};
		F481B7C629BD131F0082EE80 /* ViewModels */ = {
			isa = PBXGroup;
			children = (
				F481B7C729BD132E0082EE80 /* SwapViewModel.swift */,
			);
			path = ViewModels;
			sourceTree = "<group>";
		};
		F481B7CB29BD13AA0082EE80 /* Models */ = {
			isa = PBXGroup;
			children = (
				F481B7CC29BD13BC0082EE80 /* TokenModel.swift */,
				F481B7F129BDE6780082EE80 /* SwapDetail.swift */,
			);
			path = Models;
			sourceTree = "<group>";
		};
		F481B7CE29BD14530082EE80 /* Components */ = {
			isa = PBXGroup;
			children = (
				F481B80529BE5C8B0082EE80 /* TokenSelect */,
				F481B80629BE5C990082EE80 /* TokenImage */,
				F481B7EA29BD2CF50082EE80 /* Buttons */,
				F481B7DF29BD18DB0082EE80 /* TextViews */,
				F481B7CF29BD14660082EE80 /* LoadingIndicator.swift */,
			);
			path = Components;
			sourceTree = "<group>";
		};
		F481B7D229BD14D00082EE80 /* Utilities */ = {
			isa = PBXGroup;
			children = (
				F481B7D329BD14DE0082EE80 /* Localization */,
				F481B7DD29BD17D30082EE80 /* HapticManager.swift */,
			);
			path = Utilities;
			sourceTree = "<group>";
		};
		F481B7D329BD14DE0082EE80 /* Localization */ = {
			isa = PBXGroup;
			children = (
				F481B7D829BD14FF0082EE80 /* Localizable.strings */,
			);
			path = Localization;
			sourceTree = "<group>";
		};
		F481B7DF29BD18DB0082EE80 /* TextViews */ = {
			isa = PBXGroup;
			children = (
				F481B7E029BD18F20082EE80 /* TitleTextView.swift */,
				F481B7E429BD255A0082EE80 /* CustomTextView.swift */,
			);
			path = TextViews;
			sourceTree = "<group>";
		};
		F481B7EA29BD2CF50082EE80 /* Buttons */ = {
			isa = PBXGroup;
			children = (
				F481B7ED29BD2D510082EE80 /* RoundedButtonView.swift */,
			);
			path = Buttons;
			sourceTree = "<group>";
		};
		F481B7F829BE0D910082EE80 /* Services */ = {
			isa = PBXGroup;
			children = (
				F481B7F929BE0D9B0082EE80 /* Protocols */,
				F481B7FC29BE0DB90082EE80 /* ImageFetchingService.swift */,
			);
			path = Services;
			sourceTree = "<group>";
		};
		F481B7F929BE0D9B0082EE80 /* Protocols */ = {
			isa = PBXGroup;
			children = (
				F481B7FA29BE0DAB0082EE80 /* FileFetchingServiceProtocol.swift */,
			);
			path = Protocols;
			sourceTree = "<group>";
		};
		F481B80529BE5C8B0082EE80 /* TokenSelect */ = {
			isa = PBXGroup;
			children = (
				F481B80729BE5CBB0082EE80 /* TokenSelectView.swift */,
				F481B80929BE5E2A0082EE80 /* TokenRowView.swift */,
			);
			path = TokenSelect;
			sourceTree = "<group>";
		};
		F481B80629BE5C990082EE80 /* TokenImage */ = {
			isa = PBXGroup;
			children = (
				F481B7FE29BE0E210082EE80 /* TokenImageView.swift */,
				F481B80129BE0E750082EE80 /* TokenImageViewModel.swift */,
			);
			path = TokenImage;
			sourceTree = "<group>";
		};
		F4A8E34B29B12DCB003F511D = {
			isa = PBXGroup;
			children = (
				F4A8E35629B12DCB003F511D /* DApp-Swap */,
				F4A8E35529B12DCB003F511D /* Products */,
			);
			sourceTree = "<group>";
		};
		F4A8E35529B12DCB003F511D /* Products */ = {
			isa = PBXGroup;
			children = (
				F4A8E35429B12DCB003F511D /* DApp-Swap.app */,
			);
			name = Products;
			sourceTree = "<group>";
		};
		F4A8E35629B12DCB003F511D /* DApp-Swap */ = {
			isa = PBXGroup;
			children = (
				F481B7D229BD14D00082EE80 /* Utilities */,
				F481B7F829BE0D910082EE80 /* Services */,
				F481B7C229BD12E40082EE80 /* Helpers */,
				F481B7CB29BD13AA0082EE80 /* Models */,
				F481B7BC29BD112D0082EE80 /* Core */,
				F4A8E35729B12DCB003F511D /* DApp_SwapApp.swift */,
				F4A8E35929B12DCB003F511D /* ContentView.swift */,
				F4A8E35B29B12DCC003F511D /* Assets.xcassets */,
				F4A8E35D29B12DCC003F511D /* Preview Content */,
			);
			path = "DApp-Swap";
			sourceTree = "<group>";
		};
		F4A8E35D29B12DCC003F511D /* Preview Content */ = {
			isa = PBXGroup;
			children = (
				F4A8E35E29B12DCC003F511D /* Preview Assets.xcassets */,
			);
			path = "Preview Content";
			sourceTree = "<group>";
		};
/* End PBXGroup section */

/* Begin PBXNativeTarget section */
		F4A8E35329B12DCB003F511D /* DApp-Swap */ = {
			isa = PBXNativeTarget;
			buildConfigurationList = F4A8E36229B12DCC003F511D /* Build configuration list for PBXNativeTarget "DApp-Swap" */;
			buildPhases = (
				F4A8E35029B12DCB003F511D /* Sources */,
				F4A8E35129B12DCB003F511D /* Frameworks */,
				F4A8E35229B12DCB003F511D /* Resources */,
			);
			buildRules = (
			);
			dependencies = (
			);
			name = "DApp-Swap";
			productName = "DApp-Exchange";
			productReference = F4A8E35429B12DCB003F511D /* DApp-Swap.app */;
			productType = "com.apple.product-type.application";
		};
/* End PBXNativeTarget section */

/* Begin PBXProject section */
		F4A8E34C29B12DCB003F511D /* Project object */ = {
			isa = PBXProject;
			attributes = {
				BuildIndependentTargetsInParallel = 1;
				LastSwiftUpdateCheck = 1420;
				LastUpgradeCheck = 1420;
				TargetAttributes = {
					F4A8E35329B12DCB003F511D = {
						CreatedOnToolsVersion = 14.2;
					};
				};
			};
			buildConfigurationList = F4A8E34F29B12DCB003F511D /* Build configuration list for PBXProject "DApp-Swap" */;
			compatibilityVersion = "Xcode 14.0";
			developmentRegion = en;
			hasScannedForEncodings = 0;
			knownRegions = (
				en,
				Base,
			);
			mainGroup = F4A8E34B29B12DCB003F511D;
			productRefGroup = F4A8E35529B12DCB003F511D /* Products */;
			projectDirPath = "";
			projectRoot = "";
			targets = (
				F4A8E35329B12DCB003F511D /* DApp-Swap */,
			);
		};
/* End PBXProject section */

/* Begin PBXResourcesBuildPhase section */
		F4A8E35229B12DCB003F511D /* Resources */ = {
			isa = PBXResourcesBuildPhase;
			buildActionMask = 2147483647;
			files = (
				F4A8E35F29B12DCC003F511D /* Preview Assets.xcassets in Resources */,
				F481B7D629BD14FF0082EE80 /* Localizable.strings in Resources */,
				F4A8E35C29B12DCC003F511D /* Assets.xcassets in Resources */,
			);
			runOnlyForDeploymentPostprocessing = 0;
		};
/* End PBXResourcesBuildPhase section */

/* Begin PBXSourcesBuildPhase section */
		F4A8E35029B12DCB003F511D /* Sources */ = {
			isa = PBXSourcesBuildPhase;
			buildActionMask = 2147483647;
			files = (
				F481B7FD29BE0DB90082EE80 /* ImageFetchingService.swift in Sources */,
				F4A8E35A29B12DCB003F511D /* ContentView.swift in Sources */,
				F481B80229BE0E750082EE80 /* TokenImageViewModel.swift in Sources */,
				F481B7FB29BE0DAB0082EE80 /* FileFetchingServiceProtocol.swift in Sources */,
				F481B7E529BD255A0082EE80 /* CustomTextView.swift in Sources */,
				F481B7F429BDE8520082EE80 /* String.swift in Sources */,
				F481B7CD29BD13BC0082EE80 /* TokenModel.swift in Sources */,
				F481B7C529BD12FC0082EE80 /* Color.swift in Sources */,
				F481B7E729BD25D80082EE80 /* PreviewProvider.swift in Sources */,
				F481B7EE29BD2D510082EE80 /* RoundedButtonView.swift in Sources */,
				F481B7C029BD115C0082EE80 /* SwapView.swift in Sources */,
				F481B7D029BD14660082EE80 /* LoadingIndicator.swift in Sources */,
				F481B7DC29BD15910082EE80 /* LocalizedAlertError.swift in Sources */,
				F481B7DA29BD156C0082EE80 /* View.swift in Sources */,
				F4A8E35829B12DCB003F511D /* DApp_SwapApp.swift in Sources */,
				F481B7FF29BE0E210082EE80 /* TokenImageView.swift in Sources */,
				F481B80829BE5CBB0082EE80 /* TokenSelectView.swift in Sources */,
				F481B7F029BDE50F0082EE80 /* SwapDetailRowView.swift in Sources */,
				F481B7E129BD18F20082EE80 /* TitleTextView.swift in Sources */,
				F481B7DE29BD17D30082EE80 /* HapticManager.swift in Sources */,
				F481B7C829BD132E0082EE80 /* SwapViewModel.swift in Sources */,
				F481B7F229BDE6780082EE80 /* SwapDetail.swift in Sources */,
				F481B7CA29BD134C0082EE80 /* BaseViewModel.swift in Sources */,
				F481B7E929BD28AD0082EE80 /* TokenSelectButtonView.swift in Sources */,
				F481B7E329BD21BD0082EE80 /* SwapPanelView.swift in Sources */,
				F481B80A29BE5E2A0082EE80 /* TokenRowView.swift in Sources */,
			);
			runOnlyForDeploymentPostprocessing = 0;
		};
/* End PBXSourcesBuildPhase section */

/* Begin PBXVariantGroup section */
		F481B7D829BD14FF0082EE80 /* Localizable.strings */ = {
			isa = PBXVariantGroup;
			children = (
				F481B7D729BD14FF0082EE80 /* en */,
			);
			name = Localizable.strings;
			sourceTree = "<group>";
		};
/* End PBXVariantGroup section */

/* Begin XCBuildConfiguration section */
		F4A8E36029B12DCC003F511D /* Debug */ = {
			isa = XCBuildConfiguration;
			buildSettings = {
				ALWAYS_SEARCH_USER_PATHS = NO;
				CLANG_ANALYZER_NONNULL = YES;
				CLANG_ANALYZER_NUMBER_OBJECT_CONVERSION = YES_AGGRESSIVE;
				CLANG_CXX_LANGUAGE_STANDARD = "gnu++20";
				CLANG_ENABLE_MODULES = YES;
				CLANG_ENABLE_OBJC_ARC = YES;
				CLANG_ENABLE_OBJC_WEAK = YES;
				CLANG_WARN_BLOCK_CAPTURE_AUTORELEASING = YES;
				CLANG_WARN_BOOL_CONVERSION = YES;
				CLANG_WARN_COMMA = YES;
				CLANG_WARN_CONSTANT_CONVERSION = YES;
				CLANG_WARN_DEPRECATED_OBJC_IMPLEMENTATIONS = YES;
				CLANG_WARN_DIRECT_OBJC_ISA_USAGE = YES_ERROR;
				CLANG_WARN_DOCUMENTATION_COMMENTS = YES;
				CLANG_WARN_EMPTY_BODY = YES;
				CLANG_WARN_ENUM_CONVERSION = YES;
				CLANG_WARN_INFINITE_RECURSION = YES;
				CLANG_WARN_INT_CONVERSION = YES;
				CLANG_WARN_NON_LITERAL_NULL_CONVERSION = YES;
				CLANG_WARN_OBJC_IMPLICIT_RETAIN_SELF = YES;
				CLANG_WARN_OBJC_LITERAL_CONVERSION = YES;
				CLANG_WARN_OBJC_ROOT_CLASS = YES_ERROR;
				CLANG_WARN_QUOTED_INCLUDE_IN_FRAMEWORK_HEADER = YES;
				CLANG_WARN_RANGE_LOOP_ANALYSIS = YES;
				CLANG_WARN_STRICT_PROTOTYPES = YES;
				CLANG_WARN_SUSPICIOUS_MOVE = YES;
				CLANG_WARN_UNGUARDED_AVAILABILITY = YES_AGGRESSIVE;
				CLANG_WARN_UNREACHABLE_CODE = YES;
				CLANG_WARN__DUPLICATE_METHOD_MATCH = YES;
				COPY_PHASE_STRIP = NO;
				DEBUG_INFORMATION_FORMAT = dwarf;
				ENABLE_STRICT_OBJC_MSGSEND = YES;
				ENABLE_TESTABILITY = YES;
				GCC_C_LANGUAGE_STANDARD = gnu11;
				GCC_DYNAMIC_NO_PIC = NO;
				GCC_NO_COMMON_BLOCKS = YES;
				GCC_OPTIMIZATION_LEVEL = 0;
				GCC_PREPROCESSOR_DEFINITIONS = (
					"DEBUG=1",
					"$(inherited)",
				);
				GCC_WARN_64_TO_32_BIT_CONVERSION = YES;
				GCC_WARN_ABOUT_RETURN_TYPE = YES_ERROR;
				GCC_WARN_UNDECLARED_SELECTOR = YES;
				GCC_WARN_UNINITIALIZED_AUTOS = YES_AGGRESSIVE;
				GCC_WARN_UNUSED_FUNCTION = YES;
				GCC_WARN_UNUSED_VARIABLE = YES;
				IPHONEOS_DEPLOYMENT_TARGET = 16.2;
				MTL_ENABLE_DEBUG_INFO = INCLUDE_SOURCE;
				MTL_FAST_MATH = YES;
				ONLY_ACTIVE_ARCH = YES;
				SDKROOT = iphoneos;
				SWIFT_ACTIVE_COMPILATION_CONDITIONS = DEBUG;
				SWIFT_OPTIMIZATION_LEVEL = "-Onone";
			};
			name = Debug;
		};
		F4A8E36129B12DCC003F511D /* Release */ = {
			isa = XCBuildConfiguration;
			buildSettings = {
				ALWAYS_SEARCH_USER_PATHS = NO;
				CLANG_ANALYZER_NONNULL = YES;
				CLANG_ANALYZER_NUMBER_OBJECT_CONVERSION = YES_AGGRESSIVE;
				CLANG_CXX_LANGUAGE_STANDARD = "gnu++20";
				CLANG_ENABLE_MODULES = YES;
				CLANG_ENABLE_OBJC_ARC = YES;
				CLANG_ENABLE_OBJC_WEAK = YES;
				CLANG_WARN_BLOCK_CAPTURE_AUTORELEASING = YES;
				CLANG_WARN_BOOL_CONVERSION = YES;
				CLANG_WARN_COMMA = YES;
				CLANG_WARN_CONSTANT_CONVERSION = YES;
				CLANG_WARN_DEPRECATED_OBJC_IMPLEMENTATIONS = YES;
				CLANG_WARN_DIRECT_OBJC_ISA_USAGE = YES_ERROR;
				CLANG_WARN_DOCUMENTATION_COMMENTS = YES;
				CLANG_WARN_EMPTY_BODY = YES;
				CLANG_WARN_ENUM_CONVERSION = YES;
				CLANG_WARN_INFINITE_RECURSION = YES;
				CLANG_WARN_INT_CONVERSION = YES;
				CLANG_WARN_NON_LITERAL_NULL_CONVERSION = YES;
				CLANG_WARN_OBJC_IMPLICIT_RETAIN_SELF = YES;
				CLANG_WARN_OBJC_LITERAL_CONVERSION = YES;
				CLANG_WARN_OBJC_ROOT_CLASS = YES_ERROR;
				CLANG_WARN_QUOTED_INCLUDE_IN_FRAMEWORK_HEADER = YES;
				CLANG_WARN_RANGE_LOOP_ANALYSIS = YES;
				CLANG_WARN_STRICT_PROTOTYPES = YES;
				CLANG_WARN_SUSPICIOUS_MOVE = YES;
				CLANG_WARN_UNGUARDED_AVAILABILITY = YES_AGGRESSIVE;
				CLANG_WARN_UNREACHABLE_CODE = YES;
				CLANG_WARN__DUPLICATE_METHOD_MATCH = YES;
				COPY_PHASE_STRIP = NO;
				DEBUG_INFORMATION_FORMAT = "dwarf-with-dsym";
				ENABLE_NS_ASSERTIONS = NO;
				ENABLE_STRICT_OBJC_MSGSEND = YES;
				GCC_C_LANGUAGE_STANDARD = gnu11;
				GCC_NO_COMMON_BLOCKS = YES;
				GCC_WARN_64_TO_32_BIT_CONVERSION = YES;
				GCC_WARN_ABOUT_RETURN_TYPE = YES_ERROR;
				GCC_WARN_UNDECLARED_SELECTOR = YES;
				GCC_WARN_UNINITIALIZED_AUTOS = YES_AGGRESSIVE;
				GCC_WARN_UNUSED_FUNCTION = YES;
				GCC_WARN_UNUSED_VARIABLE = YES;
				IPHONEOS_DEPLOYMENT_TARGET = 16.2;
				MTL_ENABLE_DEBUG_INFO = NO;
				MTL_FAST_MATH = YES;
				SDKROOT = iphoneos;
				SWIFT_COMPILATION_MODE = wholemodule;
				SWIFT_OPTIMIZATION_LEVEL = "-O";
				VALIDATE_PRODUCT = YES;
			};
			name = Release;
		};
		F4A8E36329B12DCC003F511D /* Debug */ = {
			isa = XCBuildConfiguration;
			buildSettings = {
				ASSETCATALOG_COMPILER_APPICON_NAME = AppIcon;
				ASSETCATALOG_COMPILER_GLOBAL_ACCENT_COLOR_NAME = AccentColor;
				CODE_SIGN_STYLE = Automatic;
				CURRENT_PROJECT_VERSION = 1;
				DEVELOPMENT_ASSET_PATHS = "\"DApp-Swap/Preview Content\"";
				DEVELOPMENT_TEAM = JZG66JS6WW;
				ENABLE_PREVIEWS = YES;
				GENERATE_INFOPLIST_FILE = YES;
				INFOPLIST_KEY_UIApplicationSceneManifest_Generation = YES;
				INFOPLIST_KEY_UIApplicationSupportsIndirectInputEvents = YES;
				INFOPLIST_KEY_UILaunchScreen_Generation = YES;
				INFOPLIST_KEY_UISupportedInterfaceOrientations_iPad = "UIInterfaceOrientationPortrait UIInterfaceOrientationPortraitUpsideDown UIInterfaceOrientationLandscapeLeft UIInterfaceOrientationLandscapeRight";
				INFOPLIST_KEY_UISupportedInterfaceOrientations_iPhone = "UIInterfaceOrientationPortrait UIInterfaceOrientationLandscapeLeft UIInterfaceOrientationLandscapeRight";
				LD_RUNPATH_SEARCH_PATHS = (
					"$(inherited)",
					"@executable_path/Frameworks",
				);
				MARKETING_VERSION = 1.0;
				PRODUCT_BUNDLE_IDENTIFIER = "borsosbe.DApp-Exchange";
				PRODUCT_NAME = "$(TARGET_NAME)";
				SWIFT_EMIT_LOC_STRINGS = YES;
				SWIFT_VERSION = 5.0;
				TARGETED_DEVICE_FAMILY = "1,2";
			};
			name = Debug;
		};
		F4A8E36429B12DCC003F511D /* Release */ = {
			isa = XCBuildConfiguration;
			buildSettings = {
				ASSETCATALOG_COMPILER_APPICON_NAME = AppIcon;
				ASSETCATALOG_COMPILER_GLOBAL_ACCENT_COLOR_NAME = AccentColor;
				CODE_SIGN_STYLE = Automatic;
				CURRENT_PROJECT_VERSION = 1;
				DEVELOPMENT_ASSET_PATHS = "\"DApp-Swap/Preview Content\"";
				DEVELOPMENT_TEAM = JZG66JS6WW;
				ENABLE_PREVIEWS = YES;
				GENERATE_INFOPLIST_FILE = YES;
				INFOPLIST_KEY_UIApplicationSceneManifest_Generation = YES;
				INFOPLIST_KEY_UIApplicationSupportsIndirectInputEvents = YES;
				INFOPLIST_KEY_UILaunchScreen_Generation = YES;
				INFOPLIST_KEY_UISupportedInterfaceOrientations_iPad = "UIInterfaceOrientationPortrait UIInterfaceOrientationPortraitUpsideDown UIInterfaceOrientationLandscapeLeft UIInterfaceOrientationLandscapeRight";
				INFOPLIST_KEY_UISupportedInterfaceOrientations_iPhone = "UIInterfaceOrientationPortrait UIInterfaceOrientationLandscapeLeft UIInterfaceOrientationLandscapeRight";
				LD_RUNPATH_SEARCH_PATHS = (
					"$(inherited)",
					"@executable_path/Frameworks",
				);
				MARKETING_VERSION = 1.0;
				PRODUCT_BUNDLE_IDENTIFIER = "borsosbe.DApp-Exchange";
				PRODUCT_NAME = "$(TARGET_NAME)";
				SWIFT_EMIT_LOC_STRINGS = YES;
				SWIFT_VERSION = 5.0;
				TARGETED_DEVICE_FAMILY = "1,2";
			};
			name = Release;
		};
/* End XCBuildConfiguration section */

/* Begin XCConfigurationList section */
		F4A8E34F29B12DCB003F511D /* Build configuration list for PBXProject "DApp-Swap" */ = {
			isa = XCConfigurationList;
			buildConfigurations = (
				F4A8E36029B12DCC003F511D /* Debug */,
				F4A8E36129B12DCC003F511D /* Release */,
			);
			defaultConfigurationIsVisible = 0;
			defaultConfigurationName = Release;
		};
		F4A8E36229B12DCC003F511D /* Build configuration list for PBXNativeTarget "DApp-Swap" */ = {
			isa = XCConfigurationList;
			buildConfigurations = (
				F4A8E36329B12DCC003F511D /* Debug */,
				F4A8E36429B12DCC003F511D /* Release */,
			);
			defaultConfigurationIsVisible = 0;
			defaultConfigurationName = Release;
		};
/* End XCConfigurationList section */
	};
	rootObject = F4A8E34C29B12DCB003F511D /* Project object */;
}
